PODS:
  - Flutter (1.0.0)
  - flutter_keychain (0.0.1):
    - Flutter

DEPENDENCIES:
  - Flutter (from `Flutter`)
  - flutter_keychain (from `.symlinks/plugins/flutter_keychain/ios`)

EXTERNAL SOURCES:
  Flutter:
    :path: Flutter
  flutter_keychain:
    :path: ".symlinks/plugins/flutter_keychain/ios"

SPEC CHECKSUMS:
  Flutter: f04841e97a9d0b0a8025694d0796dd46242b2854
  flutter_keychain: 01aabf894ffe8b01adfda1d9df21c210c1b4b452

PODFILE CHECKSUM: 1a86e7654bb8611f38728384d250276ef708ee5f

COCOAPODS: 1.14.2
